<?xml version="1.0" encoding="utf-8"?>
<Project ToolsVersion="4.0" xmlns="http://schemas.microsoft.com/developer/msbuild/2003">
  <ItemGroup>
    <ClCompile Include="..\benchmark\main.c" />
    <ClCompile Include="..\benchmark\hoard\benchmark.c" />
    <ClCompile Include="..\test\thread.c" />
    <ClCompile Include="..\test\timer.c" />
    <ClCompile Include="..\benchmark\hoard\source\libhoard.cpp">
      <Filter>hoard</Filter>
    </ClCompile>
    <ClCompile Include="..\benchmark\hoard\source\wintls.cpp">
      <Filter>hoard</Filter>
    </ClCompile>
  </ItemGroup>
  <ItemGroup>
    <ClInclude Include="..\benchmark\benchmark.h" />
    <ClInclude Include="..\test\thread.h" />
    <ClInclude Include="..\test\timer.h" />
  </ItemGroup>
  <ItemGroup>
    <Filter Include="hoard">
      <UniqueIdentifier>{badf56b1-019e-4789-8e84-7e2e9249048c}</UniqueIdentifier>
    </Filter>
  </ItemGroup>
</Project>